# THIS IS AN AUTOGENERATED FILE. DO NOT EDIT THIS FILE DIRECTLY.
# yarn lockfile v1


array-uniq@1.0.2:
  version "1.0.2"
  resolved "https://registry.yarnpkg.com/array-uniq/-/array-uniq-1.0.2.tgz#5fcc373920775723cfd64d65c64bef53bf9eba6d"

chart.js@3.5.1:
  version "3.5.1"
  resolved "https://registry.yarnpkg.com/chart.js/-/chart.js-3.5.1.tgz#73e24d23a4134a70ccdb5e79a917f156b6f3644a"
  integrity sha512-m5kzt72I1WQ9LILwQC4syla/LD/N413RYv2Dx2nnTkRS9iv/ey1xLTt0DnPc/eWV4zI+BgEgDYBIzbQhZHc/PQ==

performance-now@^2.1.0:
  version "2.1.0"
  resolved "https://registry.yarnpkg.com/performance-now/-/performance-now-2.1.0.tgz#6309f4e0e5fa913ec1c69307ae364b4b377c9e7b"

randomstring@^1.1.5:
  version "1.1.5"
  resolved "https://registry.yarnpkg.com/randomstring/-/randomstring-1.1.5.tgz#6df0628f75cbd5932930d9fe3ab4e956a18518c3"
  dependencies:
    array-uniq "1.0.2"
